dependencies:
  espressif/esp_lcd_sh1107:
    component_hash: 04b223f56e8d5d784d8a14037911a327ba7a14cdb508ff63611d953122a14b17
    dependencies:
    - name: idf
      require: private
      version: '>=5.2'
    source:
      registry_url: https://components.espressif.com/
      type: service
    version: 1.2.0
  espressif/iqmath:
    component_hash: 39448db759b410373e543798167ca4670bbff3019cb290a2fe8e627221e71b9d
    dependencies:
    - name: idf
      require: private
      version: '>=4.4'
    source:
      registry_url: https://components.espressif.com
      type: service
    version: 1.11.0~1
  espressif/pid_ctrl:
    component_hash: 974be0666bb4d95f49677327dd8305781d04d8bae284fdde2fbadf06ca9d4979
    dependencies:
    - name: espressif/iqmath
      registry_url: https://components.espressif.com
      require: private
      version: ^1.11.0
    - name: idf
      require: private
      version: '>=4.4'
    source:
      registry_url: https://components.espressif.com/
      type: service
    version: 0.3.1
  idf:
    source:
      type: idf
    version: 5.5.1
  lvgl/lvgl:
    component_hash: 2409fdc84e9766d2a18afd84b051aef3f838348136cdb1c10ac2e8bcdb012bf6
    dependencies: []
    source:
      registry_url: https://components.espressif.com/
      type: service
    version: 9.2.0
  protocol_examples_common:
    dependencies: []
    source:
      path: C:\Users\sistemembarcados\esp\v5.5.1\esp-idf\examples\common_components\protocol_examples_common
      type: local
    version: '*'
direct_dependencies:
- espressif/esp_lcd_sh1107
- espressif/pid_ctrl
- idf
- lvgl/lvgl
- protocol_examples_common
manifest_hash: 4b72c459eadf6b1a97ca87bc95aadbf0d4b2f4637b764535ddc22f7ac6d8bd6c
target: esp32
version: 2.0.0
